
Microsoft Visual Studio Solution File, Format Version 12.00
# Visual Studio Version 16
VisualStudioVersion = 16.0.36227.6
MinimumVisualStudioVersion = 10.0.40219.1
Project("{FAE04EC0-301F-11D3-BF4B-00C04F79EFBC}") = "POOI", "POOI\POOI.csproj", "{4008430F-7FD0-49C4-8F50-EC39FB166B48}"
EndProject
Global
	GlobalSection(SolutionConfigurationPlatforms) = preSolution
		Debug|Any CPU = Debug|Any CPU
		Release|Any CPU = Release|Any CPU
	EndGlobalSection
	GlobalSection(ProjectConfigurationPlatforms) = postSolution
		{4008430F-7FD0-49C4-8F50-EC39FB166B48}.Debug|Any CPU.ActiveCfg = Debug|Any CPU
		{4008430F-7FD0-49C4-8F50-EC39FB166B48}.Debug|Any CPU.Build.0 = Debug|Any CPU
		{4008430F-7FD0-49C4-8F50-EC39FB166B48}.Release|Any CPU.ActiveCfg = Release|Any CPU
		{4008430F-7FD0-49C4-8F50-EC39FB166B48}.Release|Any CPU.Build.0 = Release|Any CPU
	EndGlobalSection
	GlobalSection(SolutionProperties) = preSolution
		HideSolutionNode = FALSE
	EndGlobalSection
	GlobalSection(ExtensibilityGlobals) = postSolution
		SolutionGuid = {6367E8B3-AE22-41C2-B640-4F5FC677FEF0}
	EndGlobalSection
EndGlobal
